{
  "lockfile_version": "1",
  "packages": {
    "bat@latest": {
      "last_modified": "2024-12-23T21:10:33Z",
      "resolved": "github:NixOS/nixpkgs/de1864217bfa9b5845f465e771e0ecb48b30e02d#bat",
      "source": "devbox-search",
      "version": "0.24.0",
      "systems": {
        "aarch64-darwin": {
          "outputs": [
            {
              "name": "out",
              "path": "/nix/store/ji62ssis7jbfh2fb3xd5iwyj4n1cizk5-bat-0.24.0",
              "default": true
            }
          ],
          "store_path": "/nix/store/ji62ssis7jbfh2fb3xd5iwyj4n1cizk5-bat-0.24.0"
        },
        "aarch64-linux": {
          "outputs": [
            {
              "name": "out",
              "path": "/nix/store/rcq4cvwzz5z10lb2iafxz7dpqlhfz788-bat-0.24.0",
              "default": true
            }
          ],
          "store_path": "/nix/store/rcq4cvwzz5z10lb2iafxz7dpqlhfz788-bat-0.24.0"
        },
        "x86_64-darwin": {
          "outputs": [
            {
              "name": "out",
              "path": "/nix/store/hwi5ynxsvrfny50gsnws3dxr9ajybp76-bat-0.24.0",
              "default": true
            }
          ],
          "store_path": "/nix/store/hwi5ynxsvrfny50gsnws3dxr9ajybp76-bat-0.24.0"
        },
        "x86_64-linux": {
          "outputs": [
            {
              "name": "out",
              "path": "/nix/store/s01ih05das85a4w59f1fdsh1cra5svcv-bat-0.24.0",
              "default": true
            }
          ],
          "store_path": "/nix/store/s01ih05das85a4w59f1fdsh1cra5svcv-bat-0.24.0"
        }
      }
    },
    "coreutils@latest": {
      "last_modified": "2024-12-23T21:10:33Z",
      "resolved": "github:NixOS/nixpkgs/de1864217bfa9b5845f465e771e0ecb48b30e02d#coreutils",
      "source": "devbox-search",
      "version": "9.5",
      "systems": {
        "aarch64-darwin": {
          "outputs": [
            {
              "name": "out",
              "path": "/nix/store/p9m0bsw49c5m6wnm3m4fs97yx5rxcmfj-coreutils-9.5",
              "default": true
            },
            {
              "name": "info",
              "path": "/nix/store/c263jjqg2mpap2fagjl34lziidkgph3i-coreutils-9.5-info"
            }
          ],
          "store_path": "/nix/store/p9m0bsw49c5m6wnm3m4fs97yx5rxcmfj-coreutils-9.5"
        },
        "aarch64-linux": {
          "outputs": [
            {
              "name": "out",
              "path": "/nix/store/lhd4sbpf3l9jxmb8sl6881l924q151j0-coreutils-9.5",
              "default": true
            },
            {
              "name": "debug",
              "path": "/nix/store/r1x885lysldxid2575k87nld06pkbf4v-coreutils-9.5-debug"
            },
            {
              "name": "info",
              "path": "/nix/store/xqglm4755lgpjrdyxi5f52fljrcarvqc-coreutils-9.5-info"
            }
          ],
          "store_path": "/nix/store/lhd4sbpf3l9jxmb8sl6881l924q151j0-coreutils-9.5"
        },
        "x86_64-darwin": {
          "outputs": [
            {
              "name": "out",
              "path": "/nix/store/ka9bhk1lwdqyv47kkw6ppqgx010xwghn-coreutils-9.5",
              "default": true
            },
            {
              "name": "info",
              "path": "/nix/store/aghncv047lvr0xhil8fwwxpk6bi5yalh-coreutils-9.5-info"
            }
          ],
          "store_path": "/nix/store/ka9bhk1lwdqyv47kkw6ppqgx010xwghn-coreutils-9.5"
        },
        "x86_64-linux": {
          "outputs": [
            {
              "name": "out",
              "path": "/nix/store/4s9rah4cwaxflicsk5cndnknqlk9n4p3-coreutils-9.5",
              "default": true
            },
            {
              "name": "debug",
              "path": "/nix/store/zs8k0d5dx7nkvs6vmxmkr1jdz3px2fhi-coreutils-9.5-debug"
            },
            {
              "name": "info",
              "path": "/nix/store/hm7bqb710681rxgrq8b6l9zms50aj4k5-coreutils-9.5-info"
            }
          ],
          "store_path": "/nix/store/4s9rah4cwaxflicsk5cndnknqlk9n4p3-coreutils-9.5"
        }
      }
    },
    "git@latest": {
      "last_modified": "2024-12-23T21:10:33Z",
      "resolved": "github:NixOS/nixpkgs/de1864217bfa9b5845f465e771e0ecb48b30e02d#git",
      "source": "devbox-search",
      "version": "2.47.0",
      "systems": {
        "aarch64-darwin": {
          "outputs": [
            {
              "name": "out",
              "path": "/nix/store/bi58hj6aqbswrwngsdzszzdf35vzsl36-git-2.47.0",
              "default": true
            },
            {
              "name": "doc",
              "path": "/nix/store/ilmzpslj8yvf5krdyz7bj08wjf03pxvj-git-2.47.0-doc"
            }
          ],
          "store_path": "/nix/store/bi58hj6aqbswrwngsdzszzdf35vzsl36-git-2.47.0"
        },
        "aarch64-linux": {
          "outputs": [
            {
              "name": "out",
              "path": "/nix/store/861v7354sw64ydk43jwdswwkqkf0dhq2-git-2.47.0",
              "default": true
            },
            {
              "name": "debug",
              "path": "/nix/store/cyfh5sk108g0yhif2ppxw3xyrbz9cc5k-git-2.47.0-debug"
            },
            {
              "name": "doc",
              "path": "/nix/store/4rj9xhq42v2b7nxf77xlkqbd20jzby0i-git-2.47.0-doc"
            }
          ],
          "store_path": "/nix/store/861v7354sw64ydk43jwdswwkqkf0dhq2-git-2.47.0"
        },
        "x86_64-darwin": {
          "outputs": [
            {
              "name": "out",
              "path": "/nix/store/v283088hdcppiswvqslgfspxwnq4ldz3-git-2.47.0",
              "default": true
            },
            {
              "name": "doc",
              "path": "/nix/store/i5rw1f8xv1sp13lcsxq0bkswn600lcmx-git-2.47.0-doc"
            }
          ],
          "store_path": "/nix/store/v283088hdcppiswvqslgfspxwnq4ldz3-git-2.47.0"
        },
        "x86_64-linux": {
          "outputs": [
            {
              "name": "out",
              "path": "/nix/store/iwq58rpn6idjnxbnyjh351776qzvsd0r-git-2.47.0",
              "default": true
            },
            {
              "name": "debug",
              "path": "/nix/store/1s38v03xh8d88b1wm8iwpkrpy6cf3ydq-git-2.47.0-debug"
            },
            {
              "name": "doc",
              "path": "/nix/store/kn855hkv6yda9wi7g48lxwgplijqijb9-git-2.47.0-doc"
            }
          ],
          "store_path": "/nix/store/iwq58rpn6idjnxbnyjh351776qzvsd0r-git-2.47.0"
        }
      }
    },
    "mypy@latest": {
      "last_modified": "2024-12-23T21:10:33Z",
      "resolved": "github:NixOS/nixpkgs/de1864217bfa9b5845f465e771e0ecb48b30e02d#mypy",
      "source": "devbox-search",
      "version": "1.13.0",
      "systems": {
        "aarch64-darwin": {
          "outputs": [
            {
              "name": "out",
              "path": "/nix/store/6saadifk8cyifl9slx216fmqaxwzhqf7-python3.12-mypy-1.13.0",
              "default": true
            },
            {
              "name": "dist",
              "path": "/nix/store/xrgfwvx5bgn7n9krq86skv1bl1wawnci-python3.12-mypy-1.13.0-dist"
            }
          ],
          "store_path": "/nix/store/6saadifk8cyifl9slx216fmqaxwzhqf7-python3.12-mypy-1.13.0"
        },
        "aarch64-linux": {
          "outputs": [
            {
              "name": "out",
              "path": "/nix/store/bhi75dxjkvz4z7jim7xlqk2mlsspzr30-python3.12-mypy-1.13.0",
              "default": true
            },
            {
              "name": "dist",
              "path": "/nix/store/sm7kgyfvg78rmrsn9l2qrc7ny44y41xk-python3.12-mypy-1.13.0-dist"
            }
          ],
          "store_path": "/nix/store/bhi75dxjkvz4z7jim7xlqk2mlsspzr30-python3.12-mypy-1.13.0"
        },
        "x86_64-darwin": {
          "outputs": [
            {
              "name": "out",
              "path": "/nix/store/csmzxl4114sj7v4ahnjv4q3lkif0sf1g-python3.12-mypy-1.13.0",
              "default": true
            },
            {
              "name": "dist",
              "path": "/nix/store/8sh8n7gksh5rpczsdliwnp7xdwln36fd-python3.12-mypy-1.13.0-dist"
            }
          ],
          "store_path": "/nix/store/csmzxl4114sj7v4ahnjv4q3lkif0sf1g-python3.12-mypy-1.13.0"
        },
        "x86_64-linux": {
          "outputs": [
            {
              "name": "out",
              "path": "/nix/store/b3inns6amcnhfvj2cz9qabg2pk440c9k-python3.12-mypy-1.13.0",
              "default": true
            },
            {
              "name": "dist",
              "path": "/nix/store/92wlxh1yh84i46300vjjk6n5idrw8q54-python3.12-mypy-1.13.0-dist"
            }
          ],
          "store_path": "/nix/store/b3inns6amcnhfvj2cz9qabg2pk440c9k-python3.12-mypy-1.13.0"
        }
      }
    },
    "oh-my-zsh@latest": {
      "last_modified": "2024-12-23T21:10:33Z",
      "resolved": "github:NixOS/nixpkgs/de1864217bfa9b5845f465e771e0ecb48b30e02d#oh-my-zsh",
      "source": "devbox-search",
      "version": "2024-10-01",
      "systems": {
        "aarch64-darwin": {
          "outputs": [
            {
              "name": "out",
              "path": "/nix/store/711wl1myxjqy8zv22660jq0m5an11vsb-oh-my-zsh-2024-10-01",
              "default": true
            }
          ],
          "store_path": "/nix/store/711wl1myxjqy8zv22660jq0m5an11vsb-oh-my-zsh-2024-10-01"
        },
        "aarch64-linux": {
          "outputs": [
            {
              "name": "out",
              "path": "/nix/store/idxb3ydpc4facpfs1j6v7vycp5gijl14-oh-my-zsh-2024-10-01",
              "default": true
            }
          ],
          "store_path": "/nix/store/idxb3ydpc4facpfs1j6v7vycp5gijl14-oh-my-zsh-2024-10-01"
        },
        "x86_64-darwin": {
          "outputs": [
            {
              "name": "out",
              "path": "/nix/store/dl9xgk50prv101wv540s12fn3hz1b9pa-oh-my-zsh-2024-10-01",
              "default": true
            }
          ],
          "store_path": "/nix/store/dl9xgk50prv101wv540s12fn3hz1b9pa-oh-my-zsh-2024-10-01"
        },
        "x86_64-linux": {
          "outputs": [
            {
              "name": "out",
              "path": "/nix/store/xmsdld5rdvjqwhpcyii0j3732njgagmb-oh-my-zsh-2024-10-01",
              "default": true
            }
          ],
          "store_path": "/nix/store/xmsdld5rdvjqwhpcyii0j3732njgagmb-oh-my-zsh-2024-10-01"
        }
      }
    },
    "pyright@latest": {
      "last_modified": "2024-12-23T21:10:33Z",
      "resolved": "github:NixOS/nixpkgs/de1864217bfa9b5845f465e771e0ecb48b30e02d#pyright",
      "source": "devbox-search",
      "version": "1.1.382",
      "systems": {
        "aarch64-darwin": {
          "outputs": [
            {
              "name": "out",
              "path": "/nix/store/jcbqc89icjaxlqjjz98ndljsy19hj7za-pyright-1.1.382",
              "default": true
            }
          ],
          "store_path": "/nix/store/jcbqc89icjaxlqjjz98ndljsy19hj7za-pyright-1.1.382"
        },
        "aarch64-linux": {
          "outputs": [
            {
              "name": "out",
              "path": "/nix/store/mbbzkqx4c2k79g83r0gqpx48qxzjcz8y-pyright-1.1.382",
              "default": true
            }
          ],
          "store_path": "/nix/store/mbbzkqx4c2k79g83r0gqpx48qxzjcz8y-pyright-1.1.382"
        },
        "x86_64-darwin": {
          "outputs": [
            {
              "name": "out",
              "path": "/nix/store/adzvhds67hjfyscnswkjmzm63ssrx22v-pyright-1.1.382",
              "default": true
            }
          ],
          "store_path": "/nix/store/adzvhds67hjfyscnswkjmzm63ssrx22v-pyright-1.1.382"
        },
        "x86_64-linux": {
          "outputs": [
            {
              "name": "out",
              "path": "/nix/store/h38my8ihfmd19gma5k0xzdsdcy3anp5v-pyright-1.1.382",
              "default": true
            }
          ],
          "store_path": "/nix/store/h38my8ihfmd19gma5k0xzdsdcy3anp5v-pyright-1.1.382"
        }
      }
    },
    "python@3.12": {
      "last_modified": "2024-10-13T23:44:06Z",
      "plugin_version": "0.0.4",
      "resolved": "github:NixOS/nixpkgs/d4f247e89f6e10120f911e2e2d2254a050d0f732#python3",
      "source": "devbox-search",
      "version": "3.12.6",
      "systems": {
        "aarch64-darwin": {
          "outputs": [
            {
              "name": "out",
              "path": "/nix/store/ybnf7k6i9p244bbhsbxizqk65z58cwyr-python3-3.12.6",
              "default": true
            }
          ],
          "store_path": "/nix/store/ybnf7k6i9p244bbhsbxizqk65z58cwyr-python3-3.12.6"
        },
        "aarch64-linux": {
          "outputs": [
            {
              "name": "out",
              "path": "/nix/store/pv8p76ihrnqf81xan9qnv53ks84wmp07-python3-3.12.6",
              "default": true
            },
            {
              "name": "debug",
              "path": "/nix/store/qk5wzj1q68jdvnzph5ckiir2wj87qygq-python3-3.12.6-debug"
            }
          ],
          "store_path": "/nix/store/pv8p76ihrnqf81xan9qnv53ks84wmp07-python3-3.12.6"
        },
        "x86_64-darwin": {
          "outputs": [
            {
              "name": "out",
              "path": "/nix/store/d30gb7nm3bnd58a5c3gwnmxywzbls69v-python3-3.12.6",
              "default": true
            }
          ],
          "store_path": "/nix/store/d30gb7nm3bnd58a5c3gwnmxywzbls69v-python3-3.12.6"
        },
        "x86_64-linux": {
          "outputs": [
            {
              "name": "out",
              "path": "/nix/store/wfbjq35kxs6x83c3ncpfxdyl5gbhdx4h-python3-3.12.6",
              "default": true
            },
            {
              "name": "debug",
              "path": "/nix/store/wmg3whp163d4y3www9kfziwks1yn6k9i-python3-3.12.6-debug"
            }
          ],
          "store_path": "/nix/store/wfbjq35kxs6x83c3ncpfxdyl5gbhdx4h-python3-3.12.6"
        }
      }
    },
    "starship@latest": {
      "last_modified": "2024-12-23T21:10:33Z",
      "resolved": "github:NixOS/nixpkgs/de1864217bfa9b5845f465e771e0ecb48b30e02d#starship",
      "source": "devbox-search",
      "version": "1.21.1",
      "systems": {
        "aarch64-darwin": {
          "outputs": [
            {
              "name": "out",
              "path": "/nix/store/g9xiknwswqjan621addc37inqjpysm5b-starship-1.21.1",
              "default": true
            }
          ],
          "store_path": "/nix/store/g9xiknwswqjan621addc37inqjpysm5b-starship-1.21.1"
        },
        "aarch64-linux": {
          "outputs": [
            {
              "name": "out",
              "path": "/nix/store/ba5pkq9x6h726pac5d4ab9wihlqwxf49-starship-1.21.1",
              "default": true
            }
          ],
          "store_path": "/nix/store/ba5pkq9x6h726pac5d4ab9wihlqwxf49-starship-1.21.1"
        },
        "x86_64-darwin": {
          "outputs": [
            {
              "name": "out",
              "path": "/nix/store/wrhaj3ak1ri7p5zgybzhn6hk17hmqfzi-starship-1.21.1",
              "default": true
            }
          ],
          "store_path": "/nix/store/wrhaj3ak1ri7p5zgybzhn6hk17hmqfzi-starship-1.21.1"
        },
        "x86_64-linux": {
          "outputs": [
            {
              "name": "out",
              "path": "/nix/store/nys71imk0jpr20p6pmm0vv3cfip8i1w3-starship-1.21.1",
              "default": true
            }
          ],
          "store_path": "/nix/store/nys71imk0jpr20p6pmm0vv3cfip8i1w3-starship-1.21.1"
        }
      }
    },
    "uv@latest": {
      "last_modified": "2025-01-03T14:51:55Z",
      "resolved": "github:NixOS/nixpkgs/a27871180d30ebee8aa6b11bf7fef8a52f024733#uv",
      "source": "devbox-search",
      "version": "0.5.14",
      "systems": {
        "aarch64-darwin": {
          "outputs": [
            {
              "name": "out",
              "path": "/nix/store/np8wg666r6053jzzfljiymn64h1skypw-uv-0.5.14",
              "default": true
            }
          ],
          "store_path": "/nix/store/np8wg666r6053jzzfljiymn64h1skypw-uv-0.5.14"
        },
        "aarch64-linux": {
          "outputs": [
            {
              "name": "out",
              "path": "/nix/store/7fznpx28grcn75r0hrg42ym0fk59s3n0-uv-0.5.14",
              "default": true
            }
          ],
          "store_path": "/nix/store/7fznpx28grcn75r0hrg42ym0fk59s3n0-uv-0.5.14"
        },
        "x86_64-darwin": {
          "outputs": [
            {
              "name": "out",
              "path": "/nix/store/fiy4i9lnc78mpx3jbfhbmqygmknp49gh-uv-0.5.14",
              "default": true
            }
          ],
          "store_path": "/nix/store/fiy4i9lnc78mpx3jbfhbmqygmknp49gh-uv-0.5.14"
        },
        "x86_64-linux": {
          "outputs": [
            {
              "name": "out",
              "path": "/nix/store/ysljjdf70xcss901kq1zzr99qcw4g1k4-uv-0.5.14",
              "default": true
            }
          ],
          "store_path": "/nix/store/ysljjdf70xcss901kq1zzr99qcw4g1k4-uv-0.5.14"
        }
      }
    },
    "yq@latest": {
      "last_modified": "2024-12-23T21:10:33Z",
      "resolved": "github:NixOS/nixpkgs/de1864217bfa9b5845f465e771e0ecb48b30e02d#yq",
      "source": "devbox-search",
      "version": "3.4.3",
      "systems": {
        "aarch64-darwin": {
          "outputs": [
            {
              "name": "out",
              "path": "/nix/store/cgv2hhnlw4bd0jdj8jvvlcjb9avz1857-python3.12-yq-3.4.3",
              "default": true
            },
            {
              "name": "dist",
              "path": "/nix/store/470qg7pi2kycj4lnmy9v0jgarnvm3zk2-python3.12-yq-3.4.3-dist"
            }
          ],
          "store_path": "/nix/store/cgv2hhnlw4bd0jdj8jvvlcjb9avz1857-python3.12-yq-3.4.3"
        },
        "aarch64-linux": {
          "outputs": [
            {
              "name": "out",
              "path": "/nix/store/xl3sjpmqqi81ibfkynlxw9v3dmg769f7-python3.12-yq-3.4.3",
              "default": true
            },
            {
              "name": "dist",
              "path": "/nix/store/lmnvwnhbspljq4kqn9vrr5i0q8693k0z-python3.12-yq-3.4.3-dist"
            }
          ],
          "store_path": "/nix/store/xl3sjpmqqi81ibfkynlxw9v3dmg769f7-python3.12-yq-3.4.3"
        },
        "x86_64-darwin": {
          "outputs": [
            {
              "name": "out",
              "path": "/nix/store/gi4lccm6b46ga339l801fwyzshhifh0j-python3.12-yq-3.4.3",
              "default": true
            },
            {
              "name": "dist",
              "path": "/nix/store/3ywlcss71g4s454kl3q2kipri85k4a16-python3.12-yq-3.4.3-dist"
            }
          ],
          "store_path": "/nix/store/gi4lccm6b46ga339l801fwyzshhifh0j-python3.12-yq-3.4.3"
        },
        "x86_64-linux": {
          "outputs": [
            {
              "name": "out",
              "path": "/nix/store/04fz3jg4dbfizdlpzqkpvp3j4p6nwg75-python3.12-yq-3.4.3",
              "default": true
            },
            {
              "name": "dist",
              "path": "/nix/store/gpgds87xhyd4jpr048vdirbqpz06wk2d-python3.12-yq-3.4.3-dist"
            }
          ],
          "store_path": "/nix/store/04fz3jg4dbfizdlpzqkpvp3j4p6nwg75-python3.12-yq-3.4.3"
        }
      }
    },
    "zsh@latest": {
      "last_modified": "2024-12-31T03:55:54Z",
      "resolved": "github:NixOS/nixpkgs/69b9a8c860bdbb977adfa9c5e817ccb717884182#zsh",
      "source": "devbox-search",
      "version": "5.9",
      "systems": {
        "aarch64-darwin": {
          "outputs": [
            {
              "name": "out",
              "path": "/nix/store/v4l4c5spjykdl678rd7l69sxwxk09r5n-zsh-5.9",
              "default": true
            },
            {
              "name": "man",
              "path": "/nix/store/lilxx6vvxhrhlrjkghsijh5147wg7043-zsh-5.9-man",
              "default": true
            },
            {
              "name": "doc",
              "path": "/nix/store/2s5bma9bndpa3jz3y15l3hmb7nsvd15x-zsh-5.9-doc"
            },
            {
              "name": "info",
              "path": "/nix/store/mwkzx8yjhch2dfzdgpk2j4scrla4jb7d-zsh-5.9-info"
            }
          ],
          "store_path": "/nix/store/v4l4c5spjykdl678rd7l69sxwxk09r5n-zsh-5.9"
        },
        "aarch64-linux": {
          "outputs": [
            {
              "name": "out",
              "path": "/nix/store/d621sy4jlvcdpngiqv74q1kas9cqj7z8-zsh-5.9",
              "default": true
            },
            {
              "name": "man",
              "path": "/nix/store/xhbp1n50mj2rpc0mnfvwqalsva5j2j72-zsh-5.9-man",
              "default": true
            },
            {
              "name": "doc",
              "path": "/nix/store/3pi4ivlx9xx71kdzcrybkh3z7xi7645d-zsh-5.9-doc"
            },
            {
              "name": "info",
              "path": "/nix/store/vbs0bnx04gq0k69zdxn1ajmcyi4wpxr5-zsh-5.9-info"
            }
          ],
          "store_path": "/nix/store/d621sy4jlvcdpngiqv74q1kas9cqj7z8-zsh-5.9"
        },
        "x86_64-darwin": {
          "outputs": [
            {
              "name": "out",
              "path": "/nix/store/i72q8jpfisg5h9ixll2zfc1b2p01fc8c-zsh-5.9",
              "default": true
            },
            {
              "name": "man",
              "path": "/nix/store/zkxkjj8nmj25g1jz4b8aa6sv7i1nii6f-zsh-5.9-man",
              "default": true
            },
            {
              "name": "doc",
              "path": "/nix/store/02gwq5f1abi0mjynd6hakhx2h2ba54al-zsh-5.9-doc"
            },
            {
              "name": "info",
              "path": "/nix/store/f6lic2q88mqn3ddgrcjkmdhv1xf1gsgl-zsh-5.9-info"
            }
          ],
          "store_path": "/nix/store/i72q8jpfisg5h9ixll2zfc1b2p01fc8c-zsh-5.9"
        },
        "x86_64-linux": {
          "outputs": [
            {
              "name": "out",
              "path": "/nix/store/fnixl0hxrvm6b8ayp7pb71gk9p25qbsr-zsh-5.9",
              "default": true
            },
            {
              "name": "man",
              "path": "/nix/store/10xhlr2z4wfcjlvm65hvi69i7i62q8bf-zsh-5.9-man",
              "default": true
            },
            {
              "name": "doc",
              "path": "/nix/store/g7n9w9v14ws8x0z846pcs654s0c8smr1-zsh-5.9-doc"
            },
            {
              "name": "info",
              "path": "/nix/store/hg2k3wflvpfp303apl7m6vs57j79gqxw-zsh-5.9-info"
            }
          ],
          "store_path": "/nix/store/fnixl0hxrvm6b8ayp7pb71gk9p25qbsr-zsh-5.9"
        }
      }
    }
  }
}
